
Microsoft Visual Studio Solution File, Format Version 12.00
# Visual Studio Version 16
VisualStudioVersion = 16.0.31402.337
MinimumVisualStudioVersion = 10.0.40219.1
Project("{FAE04EC0-301F-11D3-BF4B-00C04F79EFBC}") = "TipCalculator", "TipCalculator\TipCalculator.csproj", "{BB56D307-64D4-460A-99DB-35BD05D79E17}"
EndProject
Global
	GlobalSection(SolutionConfigurationPlatforms) = preSolution
		Debug|Any CPU = Debug|Any CPU
		Release|Any CPU = Release|Any CPU
	EndGlobalSection
	GlobalSection(ProjectConfigurationPlatforms) = postSolution
		{BB56D307-64D4-460A-99DB-35BD05D79E17}.Debug|Any CPU.ActiveCfg = Debug|Any CPU
		{BB56D307-64D4-460A-99DB-35BD05D79E17}.Debug|Any CPU.Build.0 = Debug|Any CPU
		{BB56D307-64D4-460A-99DB-35BD05D79E17}.Release|Any CPU.ActiveCfg = Release|Any CPU
		{BB56D307-64D4-460A-99DB-35BD05D79E17}.Release|Any CPU.Build.0 = Release|Any CPU
	EndGlobalSection
	GlobalSection(SolutionProperties) = preSolution
		HideSolutionNode = FALSE
	EndGlobalSection
	GlobalSection(ExtensibilityGlobals) = postSolution
		SolutionGuid = {6425DEA7-C92C-44BD-A9AB-01B0692B5AA8}
	EndGlobalSection
EndGlobal
